PODS:
  - Alamofire (5.7.1)
  - Kingfisher (7.9.0)

DEPENDENCIES:
  - Alamofire (~> 5.0)
  - Kingfisher

SPEC REPOS:
  trunk:
    - Alamofire
    - Kingfisher

SPEC CHECKSUMS:
  Alamofire: 0123a34370cb170936ae79a8df46cc62b2edeb88
  Kingfisher: 59f908b6d2f403b0a3e539debb0eec05cb27002c

PODFILE CHECKSUM: 0bf99f7e0e843646bfb292271bad435db8bd8b5d

COCOAPODS: 1.12.1
